
Microsoft Visual Studio Solution File, Format Version 12.00
# Visual Studio Version 17
VisualStudioVersion = 17.14.36414.22
MinimumVisualStudioVersion = 10.0.40219.1
Project("{2150E333-8FDC-42A3-9474-1A3956D46DE8}") = "Task0", "Task0", "{02EA681E-C7D8-13C7-8484-4AC65E1B71E8}"
EndProject
Project("{FAE04EC0-301F-11D3-BF4B-00C04F79EFBC}") = "Tyuiu.RagozinaAD.Sprint1.Task0.V13", "Tyuiu.RagozinaAD.Sprint1.Task0.V13\Tyuiu.RagozinaAD.Sprint1.Task0.V13.csproj", "{2A7E43F6-67EC-4693-880A-E37FDA62F74B}"
EndProject
Project("{FAE04EC0-301F-11D3-BF4B-00C04F79EFBC}") = "Tyuiu.RagozinaAD.Sprint1.Task0.V13.Lib", "Tyuiu.RagozinaAD.Sprint1.Task0.V13.Lib\Tyuiu.RagozinaAD.Sprint1.Task0.V13.Lib.csproj", "{29C7C807-9268-4ABF-A2BC-96B3EE6363D4}"
EndProject
Project("{FAE04EC0-301F-11D3-BF4B-00C04F79EFBC}") = "Tyuiu.RagozinaAD.Sprint1.Task0.V13.Test", "Tyuiu.RagozinaAD.Sprint1.Task0.V13.Test\Tyuiu.RagozinaAD.Sprint1.Task0.V13.Test.csproj", "{B9D705E2-C974-47EB-BCD9-82D8D680EA86}"
EndProject
Project("{2150E333-8FDC-42A3-9474-1A3956D46DE8}") = "Task1", "Task1", "{87A41CFF-B716-48C4-8B4E-4CDB6E1327E1}"
EndProject
Project("{FAE04EC0-301F-11D3-BF4B-00C04F79EFBC}") = "Tyuiu.RagozinaAD.Sprint1.Task1.V8", "Tyuiu.RagozinaAD.Sprint1.Task1.V8\Tyuiu.RagozinaAD.Sprint1.Task1.V8.csproj", "{FC5757A6-C35F-4CD4-A71B-D9BF9E52C173}"
EndProject
Project("{FAE04EC0-301F-11D3-BF4B-00C04F79EFBC}") = "Tyuiu.RagozinaAD.Sprint1.Task1.V8.Lib", "Tyuiu.RagozinaAD.Sprint1.Task1.V8.Lib\Tyuiu.RagozinaAD.Sprint1.Task1.V8.Lib.csproj", "{32FF20D9-1323-4557-9926-E0D95123AC69}"
EndProject
Project("{FAE04EC0-301F-11D3-BF4B-00C04F79EFBC}") = "Tyuiu.RagozinaAD.Sprint1.Task1.V8.Test", "Tyuiu.RagozinaAD.Sprint1.Task1.V8.Test\Tyuiu.RagozinaAD.Sprint1.Task1.V8.Test.csproj", "{5B8895A5-A71D-4B04-9B53-6CA8A81EBDFF}"
EndProject
Project("{2150E333-8FDC-42A3-9474-1A3956D46DE8}") = "Task2", "Task2", "{3AF9A4E0-85C4-468F-83DE-C99A5F277A4D}"
EndProject
Project("{FAE04EC0-301F-11D3-BF4B-00C04F79EFBC}") = "Tyuiu.RagozinaAD.Sprint1.Task2.V25", "Tyuiu.RagozinaAD.Sprint1.Task2.V25\Tyuiu.RagozinaAD.Sprint1.Task2.V25.csproj", "{511C6752-89F3-4D14-93CD-CA9107617BDA}"
EndProject
Project("{FAE04EC0-301F-11D3-BF4B-00C04F79EFBC}") = "Tyuiu.RagozinaAD.Sprint1.Task2.V25.Lib", "Tyuiu.RagozinaAD.Sprint1.Task2.V25.Lib\Tyuiu.RagozinaAD.Sprint1.Task2.V25.Lib.csproj", "{D4F01F9C-17A9-42A1-A6D5-7E26EDF3265D}"
EndProject
Project("{FAE04EC0-301F-11D3-BF4B-00C04F79EFBC}") = "Tyuiu.RagozinaAD.Sprint1.Task2.V25.Test", "Tyuiu.RagozinaAD.Sprint1.Task2.V25.Test\Tyuiu.RagozinaAD.Sprint1.Task2.V25.Test.csproj", "{6A2DED82-69AC-4424-B9B2-30656ABB3D16}"
EndProject
Project("{2150E333-8FDC-42A3-9474-1A3956D46DE8}") = "Task3", "Task3", "{51FB16FB-8D82-4E90-820D-AF87FB27F682}"
EndProject
Project("{FAE04EC0-301F-11D3-BF4B-00C04F79EFBC}") = "Tyuiu.RagozinaAD.Sprint1.Task3.V1", "Tyuiu.RagozinaAD.Sprint1.Task3.V1\Tyuiu.RagozinaAD.Sprint1.Task3.V1.csproj", "{EF775763-03A1-421A-B176-61B1C10A59BC}"
EndProject
Project("{FAE04EC0-301F-11D3-BF4B-00C04F79EFBC}") = "Tyuiu.RagozinaAD.Sprint1.Task3.V1.Lib", "Tyuiu.RagozinaAD.Sprint1.Task3.V1.Lib\Tyuiu.RagozinaAD.Sprint1.Task3.V1.Lib.csproj", "{3F5688E7-0313-49C1-8527-6600509A0EEF}"
EndProject
Project("{FAE04EC0-301F-11D3-BF4B-00C04F79EFBC}") = "Tyuiu.RagozinaAD.Sprint1.Task3.V1.Test", "Tyuiu.RagozinaAD.Sprint1.Task3.V1.Test\Tyuiu.RagozinaAD.Sprint1.Task3.V1.Test.csproj", "{AF37DEF0-8007-4782-BF51-1D6CCFE9BEC1}"
EndProject
Project("{2150E333-8FDC-42A3-9474-1A3956D46DE8}") = "Task4", "Task4", "{FACBF810-AE4C-4FAA-884E-5612BBC660B0}"
EndProject
Project("{FAE04EC0-301F-11D3-BF4B-00C04F79EFBC}") = "Tyuiu.RagozinaAD.Sprint1.Task4.V27", "Tyuiu.RagozinaAD.Sprint1.Task4.V27\Tyuiu.RagozinaAD.Sprint1.Task4.V27.csproj", "{4604582B-449F-46A0-ACD2-BE830301B385}"
EndProject
Project("{FAE04EC0-301F-11D3-BF4B-00C04F79EFBC}") = "Tyuiu.RagozinaAD.Sprint1.Task4.V27.Lib", "Tyuiu.RagozinaAD.Sprint1.Task4.V27.Lib\Tyuiu.RagozinaAD.Sprint1.Task4.V27.Lib.csproj", "{22E94018-C259-4694-AE67-83B6FAFA298A}"
EndProject
Project("{FAE04EC0-301F-11D3-BF4B-00C04F79EFBC}") = "Tyuiu.RagozinaAD.Sprint1.Task4.V27.Test", "Tyuiu.RagozinaAD.Sprint1.Task4.V27.Test\Tyuiu.RagozinaAD.Sprint1.Task4.V27.Test.csproj", "{E80B5B50-35F7-456E-A374-4543DE622058}"
EndProject
Project("{2150E333-8FDC-42A3-9474-1A3956D46DE8}") = "Task5", "Task5", "{671879E1-59DA-4BEB-B667-CA76A5333726}"
EndProject
Project("{FAE04EC0-301F-11D3-BF4B-00C04F79EFBC}") = "Tyuiu.RagozinaAD.Sprint1.Task5.V2", "Tyuiu.RagozinaAD.Sprint1.Task5.V2\Tyuiu.RagozinaAD.Sprint1.Task5.V2.csproj", "{2EC9E7BD-2918-4010-A2FB-BC680DBF22D1}"
EndProject
Project("{FAE04EC0-301F-11D3-BF4B-00C04F79EFBC}") = "Tyuiu.RagozinaAD.Sprint1.Task5.V2.Lib", "Tyuiu.RagozinaAD.Sprint1.Task5.V2.Lib\Tyuiu.RagozinaAD.Sprint1.Task5.V2.Lib.csproj", "{0B6537F3-FA0A-45FD-929B-B91C78EBABB1}"
EndProject
Project("{FAE04EC0-301F-11D3-BF4B-00C04F79EFBC}") = "Tyuiu.RagozinaAD.Sprint1.Task5.V2.Test", "Tyuiu.RagozinaAD.Sprint1.Task5.V2.Test\Tyuiu.RagozinaAD.Sprint1.Task5.V2.Test.csproj", "{0270B1D4-EE6C-4E6F-BB53-FE61B0B835EF}"
EndProject
Project("{2150E333-8FDC-42A3-9474-1A3956D46DE8}") = "Task6", "Task6", "{389C1E5A-6744-48D8-87EC-3DF2C3BB400B}"
EndProject
Project("{FAE04EC0-301F-11D3-BF4B-00C04F79EFBC}") = "Tyuiu.RagozinaAD.Sprint1.Task6.V17", "Tyuiu.RagozinaAD.Sprint1.Task6.V17\Tyuiu.RagozinaAD.Sprint1.Task6.V17.csproj", "{1B438B15-0CE1-4060-9604-3AD988F1AD79}"
EndProject
Project("{FAE04EC0-301F-11D3-BF4B-00C04F79EFBC}") = "Tyuiu.RagozinaAD.Sprint1.Task6.V17.Lib", "Tyuiu.RagozinaAD.Sprint1.Task6.V17.Lib\Tyuiu.RagozinaAD.Sprint1.Task6.V17.Lib.csproj", "{69E2C085-2CB2-49DA-AB32-94784CA32294}"
EndProject
Project("{FAE04EC0-301F-11D3-BF4B-00C04F79EFBC}") = "Tyuiu.RagozinaAD.Sprint1.Task6.V17.Test", "Tyuiu.RagozinaAD.Sprint1.Task6.V17.Test\Tyuiu.RagozinaAD.Sprint1.Task6.V17.Test.csproj", "{47069177-602E-4B68-8D8C-01F6887A7BBC}"
EndProject
Global
	GlobalSection(SolutionConfigurationPlatforms) = preSolution
		Debug|Any CPU = Debug|Any CPU
		Release|Any CPU = Release|Any CPU
	EndGlobalSection
	GlobalSection(ProjectConfigurationPlatforms) = postSolution
		{2A7E43F6-67EC-4693-880A-E37FDA62F74B}.Debug|Any CPU.ActiveCfg = Debug|Any CPU
		{2A7E43F6-67EC-4693-880A-E37FDA62F74B}.Debug|Any CPU.Build.0 = Debug|Any CPU
		{2A7E43F6-67EC-4693-880A-E37FDA62F74B}.Release|Any CPU.ActiveCfg = Release|Any CPU
		{2A7E43F6-67EC-4693-880A-E37FDA62F74B}.Release|Any CPU.Build.0 = Release|Any CPU
		{29C7C807-9268-4ABF-A2BC-96B3EE6363D4}.Debug|Any CPU.ActiveCfg = Debug|Any CPU
		{29C7C807-9268-4ABF-A2BC-96B3EE6363D4}.Debug|Any CPU.Build.0 = Debug|Any CPU
		{29C7C807-9268-4ABF-A2BC-96B3EE6363D4}.Release|Any CPU.ActiveCfg = Release|Any CPU
		{29C7C807-9268-4ABF-A2BC-96B3EE6363D4}.Release|Any CPU.Build.0 = Release|Any CPU
		{B9D705E2-C974-47EB-BCD9-82D8D680EA86}.Debug|Any CPU.ActiveCfg = Debug|Any CPU
		{B9D705E2-C974-47EB-BCD9-82D8D680EA86}.Debug|Any CPU.Build.0 = Debug|Any CPU
		{B9D705E2-C974-47EB-BCD9-82D8D680EA86}.Release|Any CPU.ActiveCfg = Release|Any CPU
		{B9D705E2-C974-47EB-BCD9-82D8D680EA86}.Release|Any CPU.Build.0 = Release|Any CPU
		{FC5757A6-C35F-4CD4-A71B-D9BF9E52C173}.Debug|Any CPU.ActiveCfg = Debug|Any CPU
		{FC5757A6-C35F-4CD4-A71B-D9BF9E52C173}.Debug|Any CPU.Build.0 = Debug|Any CPU
		{FC5757A6-C35F-4CD4-A71B-D9BF9E52C173}.Release|Any CPU.ActiveCfg = Release|Any CPU
		{FC5757A6-C35F-4CD4-A71B-D9BF9E52C173}.Release|Any CPU.Build.0 = Release|Any CPU
		{32FF20D9-1323-4557-9926-E0D95123AC69}.Debug|Any CPU.ActiveCfg = Debug|Any CPU
		{32FF20D9-1323-4557-9926-E0D95123AC69}.Debug|Any CPU.Build.0 = Debug|Any CPU
		{32FF20D9-1323-4557-9926-E0D95123AC69}.Release|Any CPU.ActiveCfg = Release|Any CPU
		{32FF20D9-1323-4557-9926-E0D95123AC69}.Release|Any CPU.Build.0 = Release|Any CPU
		{5B8895A5-A71D-4B04-9B53-6CA8A81EBDFF}.Debug|Any CPU.ActiveCfg = Debug|Any CPU
		{5B8895A5-A71D-4B04-9B53-6CA8A81EBDFF}.Debug|Any CPU.Build.0 = Debug|Any CPU
		{5B8895A5-A71D-4B04-9B53-6CA8A81EBDFF}.Release|Any CPU.ActiveCfg = Release|Any CPU
		{5B8895A5-A71D-4B04-9B53-6CA8A81EBDFF}.Release|Any CPU.Build.0 = Release|Any CPU
		{511C6752-89F3-4D14-93CD-CA9107617BDA}.Debug|Any CPU.ActiveCfg = Debug|Any CPU
		{511C6752-89F3-4D14-93CD-CA9107617BDA}.Debug|Any CPU.Build.0 = Debug|Any CPU
		{511C6752-89F3-4D14-93CD-CA9107617BDA}.Release|Any CPU.ActiveCfg = Release|Any CPU
		{511C6752-89F3-4D14-93CD-CA9107617BDA}.Release|Any CPU.Build.0 = Release|Any CPU
		{D4F01F9C-17A9-42A1-A6D5-7E26EDF3265D}.Debug|Any CPU.ActiveCfg = Debug|Any CPU
		{D4F01F9C-17A9-42A1-A6D5-7E26EDF3265D}.Debug|Any CPU.Build.0 = Debug|Any CPU
		{D4F01F9C-17A9-42A1-A6D5-7E26EDF3265D}.Release|Any CPU.ActiveCfg = Release|Any CPU
		{D4F01F9C-17A9-42A1-A6D5-7E26EDF3265D}.Release|Any CPU.Build.0 = Release|Any CPU
		{6A2DED82-69AC-4424-B9B2-30656ABB3D16}.Debug|Any CPU.ActiveCfg = Debug|Any CPU
		{6A2DED82-69AC-4424-B9B2-30656ABB3D16}.Debug|Any CPU.Build.0 = Debug|Any CPU
		{6A2DED82-69AC-4424-B9B2-30656ABB3D16}.Release|Any CPU.ActiveCfg = Release|Any CPU
		{6A2DED82-69AC-4424-B9B2-30656ABB3D16}.Release|Any CPU.Build.0 = Release|Any CPU
		{EF775763-03A1-421A-B176-61B1C10A59BC}.Debug|Any CPU.ActiveCfg = Debug|Any CPU
		{EF775763-03A1-421A-B176-61B1C10A59BC}.Debug|Any CPU.Build.0 = Debug|Any CPU
		{EF775763-03A1-421A-B176-61B1C10A59BC}.Release|Any CPU.ActiveCfg = Release|Any CPU
		{EF775763-03A1-421A-B176-61B1C10A59BC}.Release|Any CPU.Build.0 = Release|Any CPU
		{3F5688E7-0313-49C1-8527-6600509A0EEF}.Debug|Any CPU.ActiveCfg = Debug|Any CPU
		{3F5688E7-0313-49C1-8527-6600509A0EEF}.Debug|Any CPU.Build.0 = Debug|Any CPU
		{3F5688E7-0313-49C1-8527-6600509A0EEF}.Release|Any CPU.ActiveCfg = Release|Any CPU
		{3F5688E7-0313-49C1-8527-6600509A0EEF}.Release|Any CPU.Build.0 = Release|Any CPU
		{AF37DEF0-8007-4782-BF51-1D6CCFE9BEC1}.Debug|Any CPU.ActiveCfg = Debug|Any CPU
		{AF37DEF0-8007-4782-BF51-1D6CCFE9BEC1}.Debug|Any CPU.Build.0 = Debug|Any CPU
		{AF37DEF0-8007-4782-BF51-1D6CCFE9BEC1}.Release|Any CPU.ActiveCfg = Release|Any CPU
		{AF37DEF0-8007-4782-BF51-1D6CCFE9BEC1}.Release|Any CPU.Build.0 = Release|Any CPU
		{4604582B-449F-46A0-ACD2-BE830301B385}.Debug|Any CPU.ActiveCfg = Debug|Any CPU
		{4604582B-449F-46A0-ACD2-BE830301B385}.Debug|Any CPU.Build.0 = Debug|Any CPU
		{4604582B-449F-46A0-ACD2-BE830301B385}.Release|Any CPU.ActiveCfg = Release|Any CPU
		{4604582B-449F-46A0-ACD2-BE830301B385}.Release|Any CPU.Build.0 = Release|Any CPU
		{22E94018-C259-4694-AE67-83B6FAFA298A}.Debug|Any CPU.ActiveCfg = Debug|Any CPU
		{22E94018-C259-4694-AE67-83B6FAFA298A}.Debug|Any CPU.Build.0 = Debug|Any CPU
		{22E94018-C259-4694-AE67-83B6FAFA298A}.Release|Any CPU.ActiveCfg = Release|Any CPU
		{22E94018-C259-4694-AE67-83B6FAFA298A}.Release|Any CPU.Build.0 = Release|Any CPU
		{E80B5B50-35F7-456E-A374-4543DE622058}.Debug|Any CPU.ActiveCfg = Debug|Any CPU
		{E80B5B50-35F7-456E-A374-4543DE622058}.Debug|Any CPU.Build.0 = Debug|Any CPU
		{E80B5B50-35F7-456E-A374-4543DE622058}.Release|Any CPU.ActiveCfg = Release|Any CPU
		{E80B5B50-35F7-456E-A374-4543DE622058}.Release|Any CPU.Build.0 = Release|Any CPU
		{2EC9E7BD-2918-4010-A2FB-BC680DBF22D1}.Debug|Any CPU.ActiveCfg = Debug|Any CPU
		{2EC9E7BD-2918-4010-A2FB-BC680DBF22D1}.Debug|Any CPU.Build.0 = Debug|Any CPU
		{2EC9E7BD-2918-4010-A2FB-BC680DBF22D1}.Release|Any CPU.ActiveCfg = Release|Any CPU
		{2EC9E7BD-2918-4010-A2FB-BC680DBF22D1}.Release|Any CPU.Build.0 = Release|Any CPU
		{0B6537F3-FA0A-45FD-929B-B91C78EBABB1}.Debug|Any CPU.ActiveCfg = Debug|Any CPU
		{0B6537F3-FA0A-45FD-929B-B91C78EBABB1}.Debug|Any CPU.Build.0 = Debug|Any CPU
		{0B6537F3-FA0A-45FD-929B-B91C78EBABB1}.Release|Any CPU.ActiveCfg = Release|Any CPU
		{0B6537F3-FA0A-45FD-929B-B91C78EBABB1}.Release|Any CPU.Build.0 = Release|Any CPU
		{0270B1D4-EE6C-4E6F-BB53-FE61B0B835EF}.Debug|Any CPU.ActiveCfg = Debug|Any CPU
		{0270B1D4-EE6C-4E6F-BB53-FE61B0B835EF}.Debug|Any CPU.Build.0 = Debug|Any CPU
		{0270B1D4-EE6C-4E6F-BB53-FE61B0B835EF}.Release|Any CPU.ActiveCfg = Release|Any CPU
		{0270B1D4-EE6C-4E6F-BB53-FE61B0B835EF}.Release|Any CPU.Build.0 = Release|Any CPU
		{1B438B15-0CE1-4060-9604-3AD988F1AD79}.Debug|Any CPU.ActiveCfg = Debug|Any CPU
		{1B438B15-0CE1-4060-9604-3AD988F1AD79}.Debug|Any CPU.Build.0 = Debug|Any CPU
		{1B438B15-0CE1-4060-9604-3AD988F1AD79}.Release|Any CPU.ActiveCfg = Release|Any CPU
		{1B438B15-0CE1-4060-9604-3AD988F1AD79}.Release|Any CPU.Build.0 = Release|Any CPU
		{69E2C085-2CB2-49DA-AB32-94784CA32294}.Debug|Any CPU.ActiveCfg = Debug|Any CPU
		{69E2C085-2CB2-49DA-AB32-94784CA32294}.Debug|Any CPU.Build.0 = Debug|Any CPU
		{69E2C085-2CB2-49DA-AB32-94784CA32294}.Release|Any CPU.ActiveCfg = Release|Any CPU
		{69E2C085-2CB2-49DA-AB32-94784CA32294}.Release|Any CPU.Build.0 = Release|Any CPU
		{47069177-602E-4B68-8D8C-01F6887A7BBC}.Debug|Any CPU.ActiveCfg = Debug|Any CPU
		{47069177-602E-4B68-8D8C-01F6887A7BBC}.Debug|Any CPU.Build.0 = Debug|Any CPU
		{47069177-602E-4B68-8D8C-01F6887A7BBC}.Release|Any CPU.ActiveCfg = Release|Any CPU
		{47069177-602E-4B68-8D8C-01F6887A7BBC}.Release|Any CPU.Build.0 = Release|Any CPU
	EndGlobalSection
	GlobalSection(SolutionProperties) = preSolution
		HideSolutionNode = FALSE
	EndGlobalSection
	GlobalSection(NestedProjects) = preSolution
		{2A7E43F6-67EC-4693-880A-E37FDA62F74B} = {02EA681E-C7D8-13C7-8484-4AC65E1B71E8}
		{29C7C807-9268-4ABF-A2BC-96B3EE6363D4} = {02EA681E-C7D8-13C7-8484-4AC65E1B71E8}
		{B9D705E2-C974-47EB-BCD9-82D8D680EA86} = {02EA681E-C7D8-13C7-8484-4AC65E1B71E8}
		{FC5757A6-C35F-4CD4-A71B-D9BF9E52C173} = {87A41CFF-B716-48C4-8B4E-4CDB6E1327E1}
		{32FF20D9-1323-4557-9926-E0D95123AC69} = {87A41CFF-B716-48C4-8B4E-4CDB6E1327E1}
		{5B8895A5-A71D-4B04-9B53-6CA8A81EBDFF} = {87A41CFF-B716-48C4-8B4E-4CDB6E1327E1}
		{511C6752-89F3-4D14-93CD-CA9107617BDA} = {3AF9A4E0-85C4-468F-83DE-C99A5F277A4D}
		{D4F01F9C-17A9-42A1-A6D5-7E26EDF3265D} = {3AF9A4E0-85C4-468F-83DE-C99A5F277A4D}
		{6A2DED82-69AC-4424-B9B2-30656ABB3D16} = {3AF9A4E0-85C4-468F-83DE-C99A5F277A4D}
		{EF775763-03A1-421A-B176-61B1C10A59BC} = {51FB16FB-8D82-4E90-820D-AF87FB27F682}
		{3F5688E7-0313-49C1-8527-6600509A0EEF} = {51FB16FB-8D82-4E90-820D-AF87FB27F682}
		{AF37DEF0-8007-4782-BF51-1D6CCFE9BEC1} = {51FB16FB-8D82-4E90-820D-AF87FB27F682}
		{4604582B-449F-46A0-ACD2-BE830301B385} = {FACBF810-AE4C-4FAA-884E-5612BBC660B0}
		{22E94018-C259-4694-AE67-83B6FAFA298A} = {FACBF810-AE4C-4FAA-884E-5612BBC660B0}
		{E80B5B50-35F7-456E-A374-4543DE622058} = {FACBF810-AE4C-4FAA-884E-5612BBC660B0}
		{2EC9E7BD-2918-4010-A2FB-BC680DBF22D1} = {671879E1-59DA-4BEB-B667-CA76A5333726}
		{0B6537F3-FA0A-45FD-929B-B91C78EBABB1} = {671879E1-59DA-4BEB-B667-CA76A5333726}
		{0270B1D4-EE6C-4E6F-BB53-FE61B0B835EF} = {671879E1-59DA-4BEB-B667-CA76A5333726}
		{1B438B15-0CE1-4060-9604-3AD988F1AD79} = {389C1E5A-6744-48D8-87EC-3DF2C3BB400B}
		{69E2C085-2CB2-49DA-AB32-94784CA32294} = {389C1E5A-6744-48D8-87EC-3DF2C3BB400B}
		{47069177-602E-4B68-8D8C-01F6887A7BBC} = {389C1E5A-6744-48D8-87EC-3DF2C3BB400B}
	EndGlobalSection
	GlobalSection(ExtensibilityGlobals) = postSolution
		SolutionGuid = {008B571E-F0BE-4347-8DFB-37A8A8CD979E}
	EndGlobalSection
EndGlobal
